// !$*UTF8*$!
{
	archiveVersion = 1;
	classes = {
	};
	objectVersion = 46;
	objects = {

/* Begin PBXBuildFile section */
		0A1B4C7917172F5E00384239 /* Sparkle.framework in Frameworks */ = {isa = PBXBuildFile; fileRef = 0A1B4C7817172F5E00384239 /* Sparkle.framework */; };
		0A1B4C7C17172FB700384239 /* Sparkle.framework in CopyFiles */ = {isa = PBXBuildFile; fileRef = 0A1B4C7817172F5E00384239 /* Sparkle.framework */; };
		0A1B4C7E1717320900384239 /* dsa_pub.pem in Resources */ = {isa = PBXBuildFile; fileRef = 0A1B4C7D1717320900384239 /* dsa_pub.pem */; };
		0A30B59816FA5C4E008EA990 /* Cocoa.framework in Frameworks */ = {isa = PBXBuildFile; fileRef = 0A30B59716FA5C4E008EA990 /* Cocoa.framework */; };
		0A30B5A216FA5C4E008EA990 /* InfoPlist.strings in Resources */ = {isa = PBXBuildFile; fileRef = 0A30B5A016FA5C4E008EA990 /* InfoPlist.strings */; };
		0A30B5A416FA5C4E008EA990 /* main.m in Sources */ = {isa = PBXBuildFile; fileRef = 0A30B5A316FA5C4E008EA990 /* main.m */; };
		0A30B5A816FA5C4E008EA990 /* Credits.rtf in Resources */ = {isa = PBXBuildFile; fileRef = 0A30B5A616FA5C4E008EA990 /* Credits.rtf */; };
		0A30B5AB16FA5C4E008EA990 /* POPAppDelegate.m in Sources */ = {isa = PBXBuildFile; fileRef = 0A30B5AA16FA5C4E008EA990 /* POPAppDelegate.m */; };
		0A30B5AE16FA5C4F008EA990 /* MainMenu.xib in Resources */ = {isa = PBXBuildFile; fileRef = 0A30B5AC16FA5C4F008EA990 /* MainMenu.xib */; };
		0A30B5BE16FA6971008EA990 /* mp4dvd.icns in Resources */ = {isa = PBXBuildFile; fileRef = 0A30B5BD16FA6971008EA990 /* mp4dvd.icns */; };
		0A30B5C316FACF0A008EA990 /* POPDropDVDImageView.m in Sources */ = {isa = PBXBuildFile; fileRef = 0A30B5C216FACF0A008EA990 /* POPDropDVDImageView.m */; };
		0A30B5D916FB7887008EA990 /* POPDvdTracks.m in Sources */ = {isa = PBXBuildFile; fileRef = 0A30B5D816FB7887008EA990 /* POPDvdTracks.m */; };
		0A30B5DC16FB8BE4008EA990 /* POPTimeConverter.m in Sources */ = {isa = PBXBuildFile; fileRef = 0A30B5DB16FB8BE4008EA990 /* POPTimeConverter.m */; };
		0A30B5DE16FB8F97008EA990 /* QTKit.framework in Frameworks */ = {isa = PBXBuildFile; fileRef = 0A30B5DD16FB8F97008EA990 /* QTKit.framework */; };
		0A30B5E616FB9AEF008EA990 /* POPDvdTracksTableViewDataSource.m in Sources */ = {isa = PBXBuildFile; fileRef = 0A30B5E516FB9AEF008EA990 /* POPDvdTracksTableViewDataSource.m */; };
		0A30B5E916FC0194008EA990 /* POPDvd2Mp4.m in Sources */ = {isa = PBXBuildFile; fileRef = 0A30B5E816FC0194008EA990 /* POPDvd2Mp4.m */; };
		0A30B62016FCEF6E008EA990 /* POPFfmpeg.m in Sources */ = {isa = PBXBuildFile; fileRef = 0A30B61F16FCEF6E008EA990 /* POPFfmpeg.m */; };
		0A30B62216FD0AF0008EA990 /* ffmpeg in Resources */ = {isa = PBXBuildFile; fileRef = 0A30B62116FD0AF0008EA990 /* ffmpeg */; };
		0A3894321717031E009CB740 /* dvdnav.c in Sources */ = {isa = PBXBuildFile; fileRef = 0A38941E1717031E009CB740 /* dvdnav.c */; };
		0A3894331717031E009CB740 /* highlight.c in Sources */ = {isa = PBXBuildFile; fileRef = 0A38941F1717031E009CB740 /* highlight.c */; };
		0A3894341717031E009CB740 /* navigation.c in Sources */ = {isa = PBXBuildFile; fileRef = 0A3894201717031E009CB740 /* navigation.c */; };
		0A3894351717031E009CB740 /* read_cache.c in Sources */ = {isa = PBXBuildFile; fileRef = 0A3894211717031E009CB740 /* read_cache.c */; };
		0A3894361717031E009CB740 /* remap.c in Sources */ = {isa = PBXBuildFile; fileRef = 0A3894231717031E009CB740 /* remap.c */; };
		0A3894371717031E009CB740 /* searching.c in Sources */ = {isa = PBXBuildFile; fileRef = 0A3894251717031E009CB740 /* searching.c */; };
		0A3894381717031E009CB740 /* settings.c in Sources */ = {isa = PBXBuildFile; fileRef = 0A3894261717031E009CB740 /* settings.c */; };
		0A3894391717031E009CB740 /* decoder.Plo in Resources */ = {isa = PBXBuildFile; fileRef = 0A3894291717031E009CB740 /* decoder.Plo */; };
		0A38943A1717031E009CB740 /* vm.Plo in Resources */ = {isa = PBXBuildFile; fileRef = 0A38942A1717031E009CB740 /* vm.Plo */; };
		0A38943B1717031E009CB740 /* vmcmd.Plo in Resources */ = {isa = PBXBuildFile; fileRef = 0A38942B1717031E009CB740 /* vmcmd.Plo */; };
		0A38943C1717031E009CB740 /* decoder.c in Sources */ = {isa = PBXBuildFile; fileRef = 0A38942C1717031E009CB740 /* decoder.c */; };
		0A38943D1717031E009CB740 /* vm.c in Sources */ = {isa = PBXBuildFile; fileRef = 0A38942E1717031E009CB740 /* vm.c */; };
		0A38943E1717031E009CB740 /* vmcmd.c in Sources */ = {isa = PBXBuildFile; fileRef = 0A3894301717031E009CB740 /* vmcmd.c */; };
		0A38947A17170503009CB740 /* bitreader.c in Sources */ = {isa = PBXBuildFile; fileRef = 0A38946217170503009CB740 /* bitreader.c */; };
		0A38947B17170503009CB740 /* dvd_input.c in Sources */ = {isa = PBXBuildFile; fileRef = 0A38946517170503009CB740 /* dvd_input.c */; };
		0A38947C17170503009CB740 /* dvd_reader.c in Sources */ = {isa = PBXBuildFile; fileRef = 0A38946717170503009CB740 /* dvd_reader.c */; };
		0A38947D17170503009CB740 /* dvd_udf.c in Sources */ = {isa = PBXBuildFile; fileRef = 0A38946817170503009CB740 /* dvd_udf.c */; };
		0A38947E17170503009CB740 /* ifo_print.c in Sources */ = {isa = PBXBuildFile; fileRef = 0A38947417170503009CB740 /* ifo_print.c */; };
		0A38947F17170503009CB740 /* ifo_read.c in Sources */ = {isa = PBXBuildFile; fileRef = 0A38947517170503009CB740 /* ifo_read.c */; };
		0A38948017170503009CB740 /* md5.c in Sources */ = {isa = PBXBuildFile; fileRef = 0A38947617170503009CB740 /* md5.c */; };
		0A38948117170503009CB740 /* nav_print.c in Sources */ = {isa = PBXBuildFile; fileRef = 0A38947817170503009CB740 /* nav_print.c */; };
		0A38948217170503009CB740 /* nav_read.c in Sources */ = {isa = PBXBuildFile; fileRef = 0A38947917170503009CB740 /* nav_read.c */; };
		0A80C00D17038E2A00903BCB /* POPmp4v2dylibloader.m in Sources */ = {isa = PBXBuildFile; fileRef = 0A80C00C17038E2A00903BCB /* POPmp4v2dylibloader.m */; };
		0A80C0211704A27900903BCB /* libmp4v2.2.dylib in Resources */ = {isa = PBXBuildFile; fileRef = 0A80C00E17038EEC00903BCB /* libmp4v2.2.dylib */; };
		0A80C028170CD9BC00903BCB /* POPDvd.m in Sources */ = {isa = PBXBuildFile; fileRef = 0A80C027170CD9BB00903BCB /* POPDvd.m */; };
		0A80C036170E0A8F00903BCB /* dropdvdhere.png in Resources */ = {isa = PBXBuildFile; fileRef = 0A30B5BF16FAAB73008EA990 /* dropdvdhere.png */; };
/* End PBXBuildFile section */

/* Begin PBXCopyFilesBuildPhase section */
		0A1B4C7B17172F9A00384239 /* CopyFiles */ = {
			isa = PBXCopyFilesBuildPhase;
			buildActionMask = 2147483647;
			dstPath = "";
			dstSubfolderSpec = 10;
			files = (
				0A1B4C7C17172FB700384239 /* Sparkle.framework in CopyFiles */,
			);
			runOnlyForDeploymentPostprocessing = 0;
		};
/* End PBXCopyFilesBuildPhase section */

/* Begin PBXFileReference section */
		0A1B4C7817172F5E00384239 /* Sparkle.framework */ = {isa = PBXFileReference; lastKnownFileType = wrapper.framework; path = Sparkle.framework; sourceTree = "<group>"; };
		0A1B4C7D1717320900384239 /* dsa_pub.pem */ = {isa = PBXFileReference; fileEncoding = 4; lastKnownFileType = text; path = dsa_pub.pem; sourceTree = "<group>"; };
		0A30B59316FA5C4E008EA990 /* Mp4DVD.app */ = {isa = PBXFileReference; explicitFileType = wrapper.application; includeInIndex = 0; path = Mp4DVD.app; sourceTree = BUILT_PRODUCTS_DIR; };
		0A30B59716FA5C4E008EA990 /* Cocoa.framework */ = {isa = PBXFileReference; lastKnownFileType = wrapper.framework; name = Cocoa.framework; path = System/Library/Frameworks/Cocoa.framework; sourceTree = SDKROOT; };
		0A30B59A16FA5C4E008EA990 /* AppKit.framework */ = {isa = PBXFileReference; lastKnownFileType = wrapper.framework; name = AppKit.framework; path = System/Library/Frameworks/AppKit.framework; sourceTree = SDKROOT; };
		0A30B59B16FA5C4E008EA990 /* CoreData.framework */ = {isa = PBXFileReference; lastKnownFileType = wrapper.framework; name = CoreData.framework; path = System/Library/Frameworks/CoreData.framework; sourceTree = SDKROOT; };
		0A30B59C16FA5C4E008EA990 /* Foundation.framework */ = {isa = PBXFileReference; lastKnownFileType = wrapper.framework; name = Foundation.framework; path = System/Library/Frameworks/Foundation.framework; sourceTree = SDKROOT; };
		0A30B59F16FA5C4E008EA990 /* Mp4DVD-Info.plist */ = {isa = PBXFileReference; lastKnownFileType = text.plist.xml; path = "Mp4DVD-Info.plist"; sourceTree = "<group>"; };
		0A30B5A116FA5C4E008EA990 /* en */ = {isa = PBXFileReference; lastKnownFileType = text.plist.strings; name = en; path = en.lproj/InfoPlist.strings; sourceTree = "<group>"; };
		0A30B5A316FA5C4E008EA990 /* main.m */ = {isa = PBXFileReference; lastKnownFileType = sourcecode.c.objc; path = main.m; sourceTree = "<group>"; };
		0A30B5A516FA5C4E008EA990 /* Mp4DVD-Prefix.pch */ = {isa = PBXFileReference; lastKnownFileType = sourcecode.c.h; path = "Mp4DVD-Prefix.pch"; sourceTree = "<group>"; };
		0A30B5A716FA5C4E008EA990 /* en */ = {isa = PBXFileReference; lastKnownFileType = text.rtf; name = en; path = en.lproj/Credits.rtf; sourceTree = "<group>"; };
		0A30B5A916FA5C4E008EA990 /* POPAppDelegate.h */ = {isa = PBXFileReference; lastKnownFileType = sourcecode.c.h; path = POPAppDelegate.h; sourceTree = "<group>"; };
		0A30B5AA16FA5C4E008EA990 /* POPAppDelegate.m */ = {isa = PBXFileReference; lastKnownFileType = sourcecode.c.objc; path = POPAppDelegate.m; sourceTree = "<group>"; };
		0A30B5AD16FA5C4F008EA990 /* en */ = {isa = PBXFileReference; lastKnownFileType = file.xib; name = en; path = en.lproj/MainMenu.xib; sourceTree = "<group>"; };
		0A30B5BD16FA6971008EA990 /* mp4dvd.icns */ = {isa = PBXFileReference; lastKnownFileType = image.icns; path = mp4dvd.icns; sourceTree = "<group>"; };
		0A30B5BF16FAAB73008EA990 /* dropdvdhere.png */ = {isa = PBXFileReference; lastKnownFileType = image.png; name = dropdvdhere.png; path = artwork/dropdvdhere.png; sourceTree = "<group>"; };
		0A30B5C116FACF0A008EA990 /* POPDropDVDImageView.h */ = {isa = PBXFileReference; fileEncoding = 4; lastKnownFileType = sourcecode.c.h; path = POPDropDVDImageView.h; sourceTree = "<group>"; };
		0A30B5C216FACF0A008EA990 /* POPDropDVDImageView.m */ = {isa = PBXFileReference; fileEncoding = 4; lastKnownFileType = sourcecode.c.objc; path = POPDropDVDImageView.m; sourceTree = "<group>"; };
		0A30B5D716FB7887008EA990 /* POPDvdTracks.h */ = {isa = PBXFileReference; fileEncoding = 4; lastKnownFileType = sourcecode.c.h; path = POPDvdTracks.h; sourceTree = "<group>"; };
		0A30B5D816FB7887008EA990 /* POPDvdTracks.m */ = {isa = PBXFileReference; fileEncoding = 4; lastKnownFileType = sourcecode.c.objc; path = POPDvdTracks.m; sourceTree = "<group>"; };
		0A30B5DA16FB8BE4008EA990 /* POPTimeConverter.h */ = {isa = PBXFileReference; fileEncoding = 4; lastKnownFileType = sourcecode.c.h; path = POPTimeConverter.h; sourceTree = "<group>"; };
		0A30B5DB16FB8BE4008EA990 /* POPTimeConverter.m */ = {isa = PBXFileReference; fileEncoding = 4; lastKnownFileType = sourcecode.c.objc; path = POPTimeConverter.m; sourceTree = "<group>"; };
		0A30B5DD16FB8F97008EA990 /* QTKit.framework */ = {isa = PBXFileReference; lastKnownFileType = wrapper.framework; name = QTKit.framework; path = System/Library/Frameworks/QTKit.framework; sourceTree = SDKROOT; };
		0A30B5E416FB9AEF008EA990 /* POPDvdTracksTableViewDataSource.h */ = {isa = PBXFileReference; fileEncoding = 4; lastKnownFileType = sourcecode.c.h; path = POPDvdTracksTableViewDataSource.h; sourceTree = "<group>"; };
		0A30B5E516FB9AEF008EA990 /* POPDvdTracksTableViewDataSource.m */ = {isa = PBXFileReference; fileEncoding = 4; lastKnownFileType = sourcecode.c.objc; path = POPDvdTracksTableViewDataSource.m; sourceTree = "<group>"; };
		0A30B5E716FC0193008EA990 /* POPDvd2Mp4.h */ = {isa = PBXFileReference; fileEncoding = 4; lastKnownFileType = sourcecode.c.h; path = POPDvd2Mp4.h; sourceTree = "<group>"; };
		0A30B5E816FC0194008EA990 /* POPDvd2Mp4.m */ = {isa = PBXFileReference; fileEncoding = 4; lastKnownFileType = sourcecode.c.objc; path = POPDvd2Mp4.m; sourceTree = "<group>"; };
		0A30B61E16FCEF6E008EA990 /* POPFfmpeg.h */ = {isa = PBXFileReference; fileEncoding = 4; lastKnownFileType = sourcecode.c.h; path = POPFfmpeg.h; sourceTree = "<group>"; };
		0A30B61F16FCEF6E008EA990 /* POPFfmpeg.m */ = {isa = PBXFileReference; fileEncoding = 4; lastKnownFileType = sourcecode.c.objc; path = POPFfmpeg.m; sourceTree = "<group>"; };
		0A30B62116FD0AF0008EA990 /* ffmpeg */ = {isa = PBXFileReference; lastKnownFileType = "compiled.mach-o.executable"; path = ffmpeg; sourceTree = "<group>"; };
		0A3894181717031E009CB740 /* config.h */ = {isa = PBXFileReference; fileEncoding = 4; lastKnownFileType = sourcecode.c.h; name = config.h; path = libdvdcss.src/config.h; sourceTree = "<group>"; };
		0A38941A1717031E009CB740 /* dvd_types.h */ = {isa = PBXFileReference; fileEncoding = 4; lastKnownFileType = sourcecode.c.h; path = dvd_types.h; sourceTree = "<group>"; };
		0A38941B1717031E009CB740 /* dvdnav.h */ = {isa = PBXFileReference; fileEncoding = 4; lastKnownFileType = sourcecode.c.h; path = dvdnav.h; sourceTree = "<group>"; };
		0A38941C1717031E009CB740 /* dvdnav_events.h */ = {isa = PBXFileReference; fileEncoding = 4; lastKnownFileType = sourcecode.c.h; path = dvdnav_events.h; sourceTree = "<group>"; };
		0A38941D1717031E009CB740 /* dvdnav_internal.h */ = {isa = PBXFileReference; fileEncoding = 4; lastKnownFileType = sourcecode.c.h; name = dvdnav_internal.h; path = libdvdcss.src/dvdnav_internal.h; sourceTree = "<group>"; };
		0A38941E1717031E009CB740 /* dvdnav.c */ = {isa = PBXFileReference; fileEncoding = 4; lastKnownFileType = sourcecode.c.c; name = dvdnav.c; path = libdvdcss.src/dvdnav.c; sourceTree = "<group>"; };
		0A38941F1717031E009CB740 /* highlight.c */ = {isa = PBXFileReference; fileEncoding = 4; lastKnownFileType = sourcecode.c.c; name = highlight.c; path = libdvdcss.src/highlight.c; sourceTree = "<group>"; };
		0A3894201717031E009CB740 /* navigation.c */ = {isa = PBXFileReference; fileEncoding = 4; lastKnownFileType = sourcecode.c.c; name = navigation.c; path = libdvdcss.src/navigation.c; sourceTree = "<group>"; };
		0A3894211717031E009CB740 /* read_cache.c */ = {isa = PBXFileReference; fileEncoding = 4; lastKnownFileType = sourcecode.c.c; name = read_cache.c; path = libdvdcss.src/read_cache.c; sourceTree = "<group>"; };
		0A3894221717031E009CB740 /* read_cache.h */ = {isa = PBXFileReference; fileEncoding = 4; lastKnownFileType = sourcecode.c.h; name = read_cache.h; path = libdvdcss.src/read_cache.h; sourceTree = "<group>"; };
		0A3894231717031E009CB740 /* remap.c */ = {isa = PBXFileReference; fileEncoding = 4; lastKnownFileType = sourcecode.c.c; name = remap.c; path = libdvdcss.src/remap.c; sourceTree = "<group>"; };
		0A3894241717031E009CB740 /* remap.h */ = {isa = PBXFileReference; fileEncoding = 4; lastKnownFileType = sourcecode.c.h; name = remap.h; path = libdvdcss.src/remap.h; sourceTree = "<group>"; };
		0A3894251717031E009CB740 /* searching.c */ = {isa = PBXFileReference; fileEncoding = 4; lastKnownFileType = sourcecode.c.c; name = searching.c; path = libdvdcss.src/searching.c; sourceTree = "<group>"; };
		0A3894261717031E009CB740 /* settings.c */ = {isa = PBXFileReference; fileEncoding = 4; lastKnownFileType = sourcecode.c.c; name = settings.c; path = libdvdcss.src/settings.c; sourceTree = "<group>"; };
		0A3894291717031E009CB740 /* decoder.Plo */ = {isa = PBXFileReference; fileEncoding = 4; lastKnownFileType = text; path = decoder.Plo; sourceTree = "<group>"; };
		0A38942A1717031E009CB740 /* vm.Plo */ = {isa = PBXFileReference; fileEncoding = 4; lastKnownFileType = text; path = vm.Plo; sourceTree = "<group>"; };
		0A38942B1717031E009CB740 /* vmcmd.Plo */ = {isa = PBXFileReference; fileEncoding = 4; lastKnownFileType = text; path = vmcmd.Plo; sourceTree = "<group>"; };
		0A38942C1717031E009CB740 /* decoder.c */ = {isa = PBXFileReference; fileEncoding = 4; lastKnownFileType = sourcecode.c.c; path = decoder.c; sourceTree = "<group>"; };
		0A38942D1717031E009CB740 /* decoder.h */ = {isa = PBXFileReference; fileEncoding = 4; lastKnownFileType = sourcecode.c.h; path = decoder.h; sourceTree = "<group>"; };
		0A38942E1717031E009CB740 /* vm.c */ = {isa = PBXFileReference; fileEncoding = 4; lastKnownFileType = sourcecode.c.c; path = vm.c; sourceTree = "<group>"; };
		0A38942F1717031E009CB740 /* vm.h */ = {isa = PBXFileReference; fileEncoding = 4; lastKnownFileType = sourcecode.c.h; path = vm.h; sourceTree = "<group>"; };
		0A3894301717031E009CB740 /* vmcmd.c */ = {isa = PBXFileReference; fileEncoding = 4; lastKnownFileType = sourcecode.c.c; path = vmcmd.c; sourceTree = "<group>"; };
		0A3894311717031E009CB740 /* vmcmd.h */ = {isa = PBXFileReference; fileEncoding = 4; lastKnownFileType = sourcecode.c.h; path = vmcmd.h; sourceTree = "<group>"; };
		0A38946217170503009CB740 /* bitreader.c */ = {isa = PBXFileReference; fileEncoding = 4; lastKnownFileType = sourcecode.c.c; name = bitreader.c; path = libdvdread.src/bitreader.c; sourceTree = "<group>"; };
		0A38946317170503009CB740 /* bswap.h */ = {isa = PBXFileReference; fileEncoding = 4; lastKnownFileType = sourcecode.c.h; name = bswap.h; path = libdvdread.src/bswap.h; sourceTree = "<group>"; };
		0A38946417170503009CB740 /* config.h */ = {isa = PBXFileReference; fileEncoding = 4; lastKnownFileType = sourcecode.c.h; name = config.h; path = libdvdread.src/config.h; sourceTree = "<group>"; };
		0A38946517170503009CB740 /* dvd_input.c */ = {isa = PBXFileReference; fileEncoding = 4; lastKnownFileType = sourcecode.c.c; name = dvd_input.c; path = libdvdread.src/dvd_input.c; sourceTree = "<group>"; };
		0A38946617170503009CB740 /* dvd_input.h */ = {isa = PBXFileReference; fileEncoding = 4; lastKnownFileType = sourcecode.c.h; name = dvd_input.h; path = libdvdread.src/dvd_input.h; sourceTree = "<group>"; };
		0A38946717170503009CB740 /* dvd_reader.c */ = {isa = PBXFileReference; fileEncoding = 4; lastKnownFileType = sourcecode.c.c; name = dvd_reader.c; path = libdvdread.src/dvd_reader.c; sourceTree = "<group>"; };
		0A38946817170503009CB740 /* dvd_udf.c */ = {isa = PBXFileReference; fileEncoding = 4; lastKnownFileType = sourcecode.c.c; name = dvd_udf.c; path = libdvdread.src/dvd_udf.c; sourceTree = "<group>"; };
		0A38946A17170503009CB740 /* bitreader.h */ = {isa = PBXFileReference; fileEncoding = 4; lastKnownFileType = sourcecode.c.h; path = bitreader.h; sourceTree = "<group>"; };
		0A38946B17170503009CB740 /* dvd_reader.h */ = {isa = PBXFileReference; fileEncoding = 4; lastKnownFileType = sourcecode.c.h; path = dvd_reader.h; sourceTree = "<group>"; };
		0A38946C17170503009CB740 /* dvd_udf.h */ = {isa = PBXFileReference; fileEncoding = 4; lastKnownFileType = sourcecode.c.h; path = dvd_udf.h; sourceTree = "<group>"; };
		0A38946D17170503009CB740 /* ifo_print.h */ = {isa = PBXFileReference; fileEncoding = 4; lastKnownFileType = sourcecode.c.h; path = ifo_print.h; sourceTree = "<group>"; };
		0A38946E17170503009CB740 /* ifo_read.h */ = {isa = PBXFileReference; fileEncoding = 4; lastKnownFileType = sourcecode.c.h; path = ifo_read.h; sourceTree = "<group>"; };
		0A38946F17170503009CB740 /* ifo_types.h */ = {isa = PBXFileReference; fileEncoding = 4; lastKnownFileType = sourcecode.c.h; path = ifo_types.h; sourceTree = "<group>"; };
		0A38947017170503009CB740 /* nav_print.h */ = {isa = PBXFileReference; fileEncoding = 4; lastKnownFileType = sourcecode.c.h; path = nav_print.h; sourceTree = "<group>"; };
		0A38947117170503009CB740 /* nav_read.h */ = {isa = PBXFileReference; fileEncoding = 4; lastKnownFileType = sourcecode.c.h; path = nav_read.h; sourceTree = "<group>"; };
		0A38947217170503009CB740 /* nav_types.h */ = {isa = PBXFileReference; fileEncoding = 4; lastKnownFileType = sourcecode.c.h; path = nav_types.h; sourceTree = "<group>"; };
		0A38947317170503009CB740 /* dvdread_internal.h */ = {isa = PBXFileReference; fileEncoding = 4; lastKnownFileType = sourcecode.c.h; name = dvdread_internal.h; path = libdvdread.src/dvdread_internal.h; sourceTree = "<group>"; };
		0A38947417170503009CB740 /* ifo_print.c */ = {isa = PBXFileReference; fileEncoding = 4; lastKnownFileType = sourcecode.c.c; name = ifo_print.c; path = libdvdread.src/ifo_print.c; sourceTree = "<group>"; };
		0A38947517170503009CB740 /* ifo_read.c */ = {isa = PBXFileReference; fileEncoding = 4; lastKnownFileType = sourcecode.c.c; name = ifo_read.c; path = libdvdread.src/ifo_read.c; sourceTree = "<group>"; };
		0A38947617170503009CB740 /* md5.c */ = {isa = PBXFileReference; fileEncoding = 4; lastKnownFileType = sourcecode.c.c; name = md5.c; path = libdvdread.src/md5.c; sourceTree = "<group>"; };
		0A38947717170503009CB740 /* md5.h */ = {isa = PBXFileReference; fileEncoding = 4; lastKnownFileType = sourcecode.c.h; name = md5.h; path = libdvdread.src/md5.h; sourceTree = "<group>"; };
		0A38947817170503009CB740 /* nav_print.c */ = {isa = PBXFileReference; fileEncoding = 4; lastKnownFileType = sourcecode.c.c; name = nav_print.c; path = libdvdread.src/nav_print.c; sourceTree = "<group>"; };
		0A38947917170503009CB740 /* nav_read.c */ = {isa = PBXFileReference; fileEncoding = 4; lastKnownFileType = sourcecode.c.c; name = nav_read.c; path = libdvdread.src/nav_read.c; sourceTree = "<group>"; };
		0A80C00717037D4F00903BCB /* Mp4DVD.entitlements */ = {isa = PBXFileReference; lastKnownFileType = text.xml; path = Mp4DVD.entitlements; sourceTree = "<group>"; };
		0A80C00B17038E2A00903BCB /* POPmp4v2dylibloader.h */ = {isa = PBXFileReference; fileEncoding = 4; lastKnownFileType = sourcecode.c.h; path = POPmp4v2dylibloader.h; sourceTree = "<group>"; };
		0A80C00C17038E2A00903BCB /* POPmp4v2dylibloader.m */ = {isa = PBXFileReference; fileEncoding = 4; lastKnownFileType = sourcecode.c.objc; path = POPmp4v2dylibloader.m; sourceTree = "<group>"; };
		0A80C00E17038EEC00903BCB /* libmp4v2.2.dylib */ = {isa = PBXFileReference; lastKnownFileType = "compiled.mach-o.dylib"; path = libmp4v2.2.dylib; sourceTree = "<group>"; };
		0A80C026170CD9BB00903BCB /* POPDvd.h */ = {isa = PBXFileReference; fileEncoding = 4; lastKnownFileType = sourcecode.c.h; path = POPDvd.h; sourceTree = "<group>"; };
		0A80C027170CD9BB00903BCB /* POPDvd.m */ = {isa = PBXFileReference; fileEncoding = 4; lastKnownFileType = sourcecode.c.objc; path = POPDvd.m; sourceTree = "<group>"; };
/* End PBXFileReference section */

/* Begin PBXFrameworksBuildPhase section */
		0A30B59016FA5C4E008EA990 /* Frameworks */ = {
			isa = PBXFrameworksBuildPhase;
			buildActionMask = 2147483647;
			files = (
				0A30B5DE16FB8F97008EA990 /* QTKit.framework in Frameworks */,
				0A30B59816FA5C4E008EA990 /* Cocoa.framework in Frameworks */,
				0A1B4C7917172F5E00384239 /* Sparkle.framework in Frameworks */,
			);
			runOnlyForDeploymentPostprocessing = 0;
		};
/* End PBXFrameworksBuildPhase section */

/* Begin PBXGroup section */
		0A2AD789171EF7650018B6BF /* Nibs */ = {
			isa = PBXGroup;
			children = (
				0A30B5AC16FA5C4F008EA990 /* MainMenu.xib */,
			);
			name = Nibs;
			sourceTree = "<group>";
		};
		0A30B58816FA5C4E008EA990 = {
			isa = PBXGroup;
			children = (
				0A30B5BD16FA6971008EA990 /* mp4dvd.icns */,
				0A30B59D16FA5C4E008EA990 /* Mp4DVD */,
				0A30B59616FA5C4E008EA990 /* Frameworks */,
				0A30B59416FA5C4E008EA990 /* Products */,
			);
			sourceTree = "<group>";
		};
		0A30B59416FA5C4E008EA990 /* Products */ = {
			isa = PBXGroup;
			children = (
				0A30B59316FA5C4E008EA990 /* Mp4DVD.app */,
			);
			name = Products;
			sourceTree = "<group>";
		};
		0A30B59616FA5C4E008EA990 /* Frameworks */ = {
			isa = PBXGroup;
			children = (
				0A1B4C7817172F5E00384239 /* Sparkle.framework */,
				0A30B59716FA5C4E008EA990 /* Cocoa.framework */,
				0A30B59A16FA5C4E008EA990 /* AppKit.framework */,
				0A30B59B16FA5C4E008EA990 /* CoreData.framework */,
				0A30B59C16FA5C4E008EA990 /* Foundation.framework */,
				0A30B5DD16FB8F97008EA990 /* QTKit.framework */,
			);
			name = Frameworks;
			sourceTree = "<group>";
		};
		0A30B59D16FA5C4E008EA990 /* Mp4DVD */ = {
			isa = PBXGroup;
			children = (
				0A38943F171704B0009CB740 /* libdvdread.src */,
				0A3894171717020F009CB740 /* libdvdcss2.src */,
				0A80C00717037D4F00903BCB /* Mp4DVD.entitlements */,
				0A2AD789171EF7650018B6BF /* Nibs */,
				0A30B5EA16FCB441008EA990 /* Models */,
				0A30B5C816FAE91C008EA990 /* Views */,
				0A30B5C916FAE937008EA990 /* Controllers */,
				0A30B5CA16FAE957008EA990 /* Bin Wrappers */,
				0A30B5D016FB56BB008EA990 /* Helpers */,
				0A30B5B416FA6061008EA990 /* artwork */,
				0A30B59E16FA5C4E008EA990 /* Supporting Files */,
			);
			path = Mp4DVD;
			sourceTree = "<group>";
		};
		0A30B59E16FA5C4E008EA990 /* Supporting Files */ = {
			isa = PBXGroup;
			children = (
				0A30B59F16FA5C4E008EA990 /* Mp4DVD-Info.plist */,
				0A30B5A016FA5C4E008EA990 /* InfoPlist.strings */,
				0A30B5A316FA5C4E008EA990 /* main.m */,
				0A30B5A516FA5C4E008EA990 /* Mp4DVD-Prefix.pch */,
				0A30B5A616FA5C4E008EA990 /* Credits.rtf */,
				0A1B4C7D1717320900384239 /* dsa_pub.pem */,
			);
			name = "Supporting Files";
			sourceTree = "<group>";
		};
		0A30B5B416FA6061008EA990 /* artwork */ = {
			isa = PBXGroup;
			children = (
				0A30B5BF16FAAB73008EA990 /* dropdvdhere.png */,
			);
			name = artwork;
			sourceTree = "<group>";
		};
		0A30B5C816FAE91C008EA990 /* Views */ = {
			isa = PBXGroup;
			children = (
				0A30B5C116FACF0A008EA990 /* POPDropDVDImageView.h */,
				0A30B5C216FACF0A008EA990 /* POPDropDVDImageView.m */,
			);
			name = Views;
			sourceTree = "<group>";
		};
		0A30B5C916FAE937008EA990 /* Controllers */ = {
			isa = PBXGroup;
			children = (
				0A30B5A916FA5C4E008EA990 /* POPAppDelegate.h */,
				0A30B5AA16FA5C4E008EA990 /* POPAppDelegate.m */,
				0A30B5E416FB9AEF008EA990 /* POPDvdTracksTableViewDataSource.h */,
				0A30B5E516FB9AEF008EA990 /* POPDvdTracksTableViewDataSource.m */,
			);
			name = Controllers;
			sourceTree = "<group>";
		};
		0A30B5CA16FAE957008EA990 /* Bin Wrappers */ = {
			isa = PBXGroup;
			children = (
				0A30B5CB16FAE9A7008EA990 /* Bins */,
				0A30B61E16FCEF6E008EA990 /* POPFfmpeg.h */,
				0A30B61F16FCEF6E008EA990 /* POPFfmpeg.m */,
				0A80C00B17038E2A00903BCB /* POPmp4v2dylibloader.h */,
				0A80C00C17038E2A00903BCB /* POPmp4v2dylibloader.m */,
			);
			name = "Bin Wrappers";
			sourceTree = "<group>";
		};
		0A30B5CB16FAE9A7008EA990 /* Bins */ = {
			isa = PBXGroup;
			children = (
				0A80C00E17038EEC00903BCB /* libmp4v2.2.dylib */,
				0A30B62116FD0AF0008EA990 /* ffmpeg */,
			);
			name = Bins;
			sourceTree = "<group>";
		};
		0A30B5D016FB56BB008EA990 /* Helpers */ = {
			isa = PBXGroup;
			children = (
				0A30B5DA16FB8BE4008EA990 /* POPTimeConverter.h */,
				0A30B5DB16FB8BE4008EA990 /* POPTimeConverter.m */,
			);
			name = Helpers;
			sourceTree = "<group>";
		};
		0A30B5EA16FCB441008EA990 /* Models */ = {
			isa = PBXGroup;
			children = (
				0A30B5D716FB7887008EA990 /* POPDvdTracks.h */,
				0A30B5D816FB7887008EA990 /* POPDvdTracks.m */,
				0A30B5E716FC0193008EA990 /* POPDvd2Mp4.h */,
				0A30B5E816FC0194008EA990 /* POPDvd2Mp4.m */,
				0A80C026170CD9BB00903BCB /* POPDvd.h */,
				0A80C027170CD9BB00903BCB /* POPDvd.m */,
			);
			name = Models;
			sourceTree = "<group>";
		};
		0A3894171717020F009CB740 /* libdvdcss2.src */ = {
			isa = PBXGroup;
			children = (
				0A3894181717031E009CB740 /* config.h */,
				0A3894191717031E009CB740 /* dvdnav */,
				0A38941D1717031E009CB740 /* dvdnav_internal.h */,
				0A38941E1717031E009CB740 /* dvdnav.c */,
				0A38941F1717031E009CB740 /* highlight.c */,
				0A3894201717031E009CB740 /* navigation.c */,
				0A3894211717031E009CB740 /* read_cache.c */,
				0A3894221717031E009CB740 /* read_cache.h */,
				0A3894231717031E009CB740 /* remap.c */,
				0A3894241717031E009CB740 /* remap.h */,
				0A3894251717031E009CB740 /* searching.c */,
				0A3894261717031E009CB740 /* settings.c */,
				0A3894271717031E009CB740 /* vm */,
			);
			name = libdvdcss2.src;
			sourceTree = "<group>";
		};
		0A3894191717031E009CB740 /* dvdnav */ = {
			isa = PBXGroup;
			children = (
				0A38941A1717031E009CB740 /* dvd_types.h */,
				0A38941B1717031E009CB740 /* dvdnav.h */,
				0A38941C1717031E009CB740 /* dvdnav_events.h */,
			);
			name = dvdnav;
			path = libdvdcss.src/dvdnav;
			sourceTree = "<group>";
		};
		0A3894271717031E009CB740 /* vm */ = {
			isa = PBXGroup;
			children = (
				0A3894281717031E009CB740 /* .deps */,
				0A38942C1717031E009CB740 /* decoder.c */,
				0A38942D1717031E009CB740 /* decoder.h */,
				0A38942E1717031E009CB740 /* vm.c */,
				0A38942F1717031E009CB740 /* vm.h */,
				0A3894301717031E009CB740 /* vmcmd.c */,
				0A3894311717031E009CB740 /* vmcmd.h */,
			);
			name = vm;
			path = libdvdcss.src/vm;
			sourceTree = "<group>";
		};
		0A3894281717031E009CB740 /* .deps */ = {
			isa = PBXGroup;
			children = (
				0A3894291717031E009CB740 /* decoder.Plo */,
				0A38942A1717031E009CB740 /* vm.Plo */,
				0A38942B1717031E009CB740 /* vmcmd.Plo */,
			);
			path = .deps;
			sourceTree = "<group>";
		};
		0A38943F171704B0009CB740 /* libdvdread.src */ = {
			isa = PBXGroup;
			children = (
				0A38946217170503009CB740 /* bitreader.c */,
				0A38946317170503009CB740 /* bswap.h */,
				0A38946417170503009CB740 /* config.h */,
				0A38946517170503009CB740 /* dvd_input.c */,
				0A38946617170503009CB740 /* dvd_input.h */,
				0A38946717170503009CB740 /* dvd_reader.c */,
				0A38946817170503009CB740 /* dvd_udf.c */,
				0A38946917170503009CB740 /* dvdread */,
				0A38947317170503009CB740 /* dvdread_internal.h */,
				0A38947417170503009CB740 /* ifo_print.c */,
				0A38947517170503009CB740 /* ifo_read.c */,
				0A38947617170503009CB740 /* md5.c */,
				0A38947717170503009CB740 /* md5.h */,
				0A38947817170503009CB740 /* nav_print.c */,
				0A38947917170503009CB740 /* nav_read.c */,
			);
			name = libdvdread.src;
			sourceTree = "<group>";
		};
		0A38946917170503009CB740 /* dvdread */ = {
			isa = PBXGroup;
			children = (
				0A38946A17170503009CB740 /* bitreader.h */,
				0A38946B17170503009CB740 /* dvd_reader.h */,
				0A38946C17170503009CB740 /* dvd_udf.h */,
				0A38946D17170503009CB740 /* ifo_print.h */,
				0A38946E17170503009CB740 /* ifo_read.h */,
				0A38946F17170503009CB740 /* ifo_types.h */,
				0A38947017170503009CB740 /* nav_print.h */,
				0A38947117170503009CB740 /* nav_read.h */,
				0A38947217170503009CB740 /* nav_types.h */,
			);
			name = dvdread;
			path = libdvdread.src/dvdread;
			sourceTree = "<group>";
		};
/* End PBXGroup section */

/* Begin PBXNativeTarget section */
		0A30B59216FA5C4E008EA990 /* Mp4DVD */ = {
			isa = PBXNativeTarget;
			buildConfigurationList = 0A30B5B116FA5C4F008EA990 /* Build configuration list for PBXNativeTarget "Mp4DVD" */;
			buildPhases = (
				0A30B58F16FA5C4E008EA990 /* Sources */,
				0A30B59016FA5C4E008EA990 /* Frameworks */,
				0A30B59116FA5C4E008EA990 /* Resources */,
				0A1B4C7B17172F9A00384239 /* CopyFiles */,
			);
			buildRules = (
			);
			dependencies = (
			);
			name = Mp4DVD;
			productName = Mp4DVD;
			productReference = 0A30B59316FA5C4E008EA990 /* Mp4DVD.app */;
			productType = "com.apple.product-type.application";
		};
/* End PBXNativeTarget section */

/* Begin PBXProject section */
		0A30B58A16FA5C4E008EA990 /* Project object */ = {
			isa = PBXProject;
			attributes = {
				CLASSPREFIX = POP;
				LastUpgradeCheck = 0450;
				ORGANIZATIONNAME = "Popmedic Labs";
			};
			buildConfigurationList = 0A30B58D16FA5C4E008EA990 /* Build configuration list for PBXProject "Mp4DVD" */;
			compatibilityVersion = "Xcode 3.2";
			developmentRegion = English;
			hasScannedForEncodings = 0;
			knownRegions = (
				en,
			);
			mainGroup = 0A30B58816FA5C4E008EA990;
			productRefGroup = 0A30B59416FA5C4E008EA990 /* Products */;
			projectDirPath = "";
			projectRoot = "";
			targets = (
				0A30B59216FA5C4E008EA990 /* Mp4DVD */,
			);
		};
/* End PBXProject section */

/* Begin PBXResourcesBuildPhase section */
		0A30B59116FA5C4E008EA990 /* Resources */ = {
			isa = PBXResourcesBuildPhase;
			buildActionMask = 2147483647;
			files = (
				0A30B5A216FA5C4E008EA990 /* InfoPlist.strings in Resources */,
				0A30B5A816FA5C4E008EA990 /* Credits.rtf in Resources */,
				0A30B5AE16FA5C4F008EA990 /* MainMenu.xib in Resources */,
				0A30B5BE16FA6971008EA990 /* mp4dvd.icns in Resources */,
				0A30B62216FD0AF0008EA990 /* ffmpeg in Resources */,
				0A80C036170E0A8F00903BCB /* dropdvdhere.png in Resources */,
				0A80C0211704A27900903BCB /* libmp4v2.2.dylib in Resources */,
				0A3894391717031E009CB740 /* decoder.Plo in Resources */,
				0A38943A1717031E009CB740 /* vm.Plo in Resources */,
				0A38943B1717031E009CB740 /* vmcmd.Plo in Resources */,
				0A1B4C7E1717320900384239 /* dsa_pub.pem in Resources */,
			);
			runOnlyForDeploymentPostprocessing = 0;
		};
/* End PBXResourcesBuildPhase section */

/* Begin PBXSourcesBuildPhase section */
		0A30B58F16FA5C4E008EA990 /* Sources */ = {
			isa = PBXSourcesBuildPhase;
			buildActionMask = 2147483647;
			files = (
				0A30B5A416FA5C4E008EA990 /* main.m in Sources */,
				0A30B5AB16FA5C4E008EA990 /* POPAppDelegate.m in Sources */,
				0A30B5C316FACF0A008EA990 /* POPDropDVDImageView.m in Sources */,
				0A30B5D916FB7887008EA990 /* POPDvdTracks.m in Sources */,
				0A30B5DC16FB8BE4008EA990 /* POPTimeConverter.m in Sources */,
				0A30B5E616FB9AEF008EA990 /* POPDvdTracksTableViewDataSource.m in Sources */,
				0A30B5E916FC0194008EA990 /* POPDvd2Mp4.m in Sources */,
				0A30B62016FCEF6E008EA990 /* POPFfmpeg.m in Sources */,
				0A80C00D17038E2A00903BCB /* POPmp4v2dylibloader.m in Sources */,
				0A80C028170CD9BC00903BCB /* POPDvd.m in Sources */,
				0A3894321717031E009CB740 /* dvdnav.c in Sources */,
				0A3894331717031E009CB740 /* highlight.c in Sources */,
				0A3894341717031E009CB740 /* navigation.c in Sources */,
				0A3894351717031E009CB740 /* read_cache.c in Sources */,
				0A3894361717031E009CB740 /* remap.c in Sources */,
				0A3894371717031E009CB740 /* searching.c in Sources */,
				0A3894381717031E009CB740 /* settings.c in Sources */,
				0A38943C1717031E009CB740 /* decoder.c in Sources */,
				0A38943D1717031E009CB740 /* vm.c in Sources */,
				0A38943E1717031E009CB740 /* vmcmd.c in Sources */,
				0A38947A17170503009CB740 /* bitreader.c in Sources */,
				0A38947B17170503009CB740 /* dvd_input.c in Sources */,
				0A38947C17170503009CB740 /* dvd_reader.c in Sources */,
				0A38947D17170503009CB740 /* dvd_udf.c in Sources */,
				0A38947E17170503009CB740 /* ifo_print.c in Sources */,
				0A38947F17170503009CB740 /* ifo_read.c in Sources */,
				0A38948017170503009CB740 /* md5.c in Sources */,
				0A38948117170503009CB740 /* nav_print.c in Sources */,
				0A38948217170503009CB740 /* nav_read.c in Sources */,
			);
			runOnlyForDeploymentPostprocessing = 0;
		};
/* End PBXSourcesBuildPhase section */

/* Begin PBXVariantGroup section */
		0A30B5A016FA5C4E008EA990 /* InfoPlist.strings */ = {
			isa = PBXVariantGroup;
			children = (
				0A30B5A116FA5C4E008EA990 /* en */,
			);
			name = InfoPlist.strings;
			sourceTree = "<group>";
		};
		0A30B5A616FA5C4E008EA990 /* Credits.rtf */ = {
			isa = PBXVariantGroup;
			children = (
				0A30B5A716FA5C4E008EA990 /* en */,
			);
			name = Credits.rtf;
			sourceTree = "<group>";
		};
		0A30B5AC16FA5C4F008EA990 /* MainMenu.xib */ = {
			isa = PBXVariantGroup;
			children = (
				0A30B5AD16FA5C4F008EA990 /* en */,
			);
			name = MainMenu.xib;
			sourceTree = "<group>";
		};
/* End PBXVariantGroup section */

/* Begin XCBuildConfiguration section */
		0A30B5AF16FA5C4F008EA990 /* Debug */ = {
			isa = XCBuildConfiguration;
			buildSettings = {
				ALWAYS_SEARCH_USER_PATHS = NO;
				ARCHS = "$(ARCHS_STANDARD_64_BIT)";
				CLANG_CXX_LANGUAGE_STANDARD = "gnu++0x";
				CLANG_CXX_LIBRARY = "libc++";
				CLANG_WARN_EMPTY_BODY = YES;
				CLANG_WARN__DUPLICATE_METHOD_MATCH = YES;
				COPY_PHASE_STRIP = NO;
				GCC_C_LANGUAGE_STANDARD = gnu99;
				GCC_DYNAMIC_NO_PIC = NO;
				GCC_ENABLE_OBJC_EXCEPTIONS = YES;
				GCC_OPTIMIZATION_LEVEL = 0;
				GCC_PREPROCESSOR_DEFINITIONS = (
					"DEBUG=1",
					"$(inherited)",
				);
				GCC_SYMBOLS_PRIVATE_EXTERN = NO;
				GCC_WARN_64_TO_32_BIT_CONVERSION = YES;
				GCC_WARN_ABOUT_RETURN_TYPE = YES;
				GCC_WARN_UNINITIALIZED_AUTOS = YES;
				GCC_WARN_UNUSED_VARIABLE = YES;
				HEADER_SEARCH_PATHS = "";
				MACOSX_DEPLOYMENT_TARGET = 10.7;
				ONLY_ACTIVE_ARCH = YES;
				OTHER_LDFLAGS = "";
				SDKROOT = macosx;
			};
			name = Debug;
		};
		0A30B5B016FA5C4F008EA990 /* Release */ = {
			isa = XCBuildConfiguration;
			buildSettings = {
				ALWAYS_SEARCH_USER_PATHS = NO;
				ARCHS = "$(ARCHS_STANDARD_64_BIT)";
				CLANG_CXX_LANGUAGE_STANDARD = "gnu++0x";
				CLANG_CXX_LIBRARY = "libc++";
				CLANG_WARN_EMPTY_BODY = YES;
				CLANG_WARN__DUPLICATE_METHOD_MATCH = YES;
				COPY_PHASE_STRIP = YES;
				DEBUG_INFORMATION_FORMAT = "dwarf-with-dsym";
				GCC_C_LANGUAGE_STANDARD = gnu99;
				GCC_ENABLE_OBJC_EXCEPTIONS = YES;
				GCC_OPTIMIZATION_LEVEL = s;
				GCC_PREPROCESSOR_DEFINITIONS = "";
				GCC_WARN_64_TO_32_BIT_CONVERSION = YES;
				GCC_WARN_ABOUT_RETURN_TYPE = YES;
				GCC_WARN_UNINITIALIZED_AUTOS = YES;
				GCC_WARN_UNUSED_VARIABLE = YES;
				HEADER_SEARCH_PATHS = "";
				MACOSX_DEPLOYMENT_TARGET = 10.7;
				ONLY_ACTIVE_ARCH = NO;
				OTHER_LDFLAGS = "";
				SDKROOT = macosx;
			};
			name = Release;
		};
		0A30B5B216FA5C4F008EA990 /* Debug */ = {
			isa = XCBuildConfiguration;
			buildSettings = {
				CODE_SIGN_IDENTITY = "Mac Developer";
				COMBINE_HIDPI_IMAGES = YES;
				FRAMEWORK_SEARCH_PATHS = (
					"$(inherited)",
					"\"$(SRCROOT)\"",
				);
				GCC_PRECOMPILE_PREFIX_HEADER = YES;
				GCC_PREFIX_HEADER = "Mp4DVD/Mp4DVD-Prefix.pch";
				HEADER_SEARCH_PATHS = (
					/usr/local/include,
					Mp4DVD/libdvdcss.src,
				);
				INFOPLIST_FILE = "Mp4DVD/Mp4DVD-Info.plist";
				LIBRARY_SEARCH_PATHS = (
					"$(inherited)",
					"\"$(SRCROOT)/Mp4DVD\"",
				);
				PRODUCT_NAME = "$(TARGET_NAME)";
				WRAPPER_EXTENSION = app;
			};
			name = Debug;
		};
		0A30B5B316FA5C4F008EA990 /* Release */ = {
			isa = XCBuildConfiguration;
			buildSettings = {
				CODE_SIGN_IDENTITY = "Mac Developer";
				COMBINE_HIDPI_IMAGES = YES;
				FRAMEWORK_SEARCH_PATHS = (
					"$(inherited)",
					"\"$(SRCROOT)\"",
				);
				GCC_PRECOMPILE_PREFIX_HEADER = YES;
				GCC_PREFIX_HEADER = "Mp4DVD/Mp4DVD-Prefix.pch";
				HEADER_SEARCH_PATHS = (
					/usr/local/include,
					Mp4DVD/libdvdcss.src,
				);
				INFOPLIST_FILE = "Mp4DVD/Mp4DVD-Info.plist";
				LIBRARY_SEARCH_PATHS = (
					"$(inherited)",
					"\"$(SRCROOT)/Mp4DVD\"",
				);
				PRODUCT_NAME = "$(TARGET_NAME)";
				WRAPPER_EXTENSION = app;
			};
			name = Release;
		};
/* End XCBuildConfiguration section */

/* Begin XCConfigurationList section */
		0A30B58D16FA5C4E008EA990 /* Build configuration list for PBXProject "Mp4DVD" */ = {
			isa = XCConfigurationList;
			buildConfigurations = (
				0A30B5AF16FA5C4F008EA990 /* Debug */,
				0A30B5B016FA5C4F008EA990 /* Release */,
			);
			defaultConfigurationIsVisible = 0;
			defaultConfigurationName = Release;
		};
		0A30B5B116FA5C4F008EA990 /* Build configuration list for PBXNativeTarget "Mp4DVD" */ = {
			isa = XCConfigurationList;
			buildConfigurations = (
				0A30B5B216FA5C4F008EA990 /* Debug */,
				0A30B5B316FA5C4F008EA990 /* Release */,
			);
			defaultConfigurationIsVisible = 0;
			defaultConfigurationName = Release;
		};
/* End XCConfigurationList section */
	};
	rootObject = 0A30B58A16FA5C4E008EA990 /* Project object */;
}
